
Microsoft Visual Studio Solution File, Format Version 12.00
# Visual Studio Version 16
VisualStudioVersion = 16.0.29709.97
MinimumVisualStudioVersion = 10.0.40219.1
Project("{FAE04EC0-301F-11D3-BF4B-00C04F79EFBC}") = "Terminal", "Terminal\Terminal.csproj", "{F03A5CEA-9FFB-4182-A69B-E45516D710D5}"
EndProject
Global
	GlobalSection(SolutionConfigurationPlatforms) = preSolution
		Debug|Any CPU = Debug|Any CPU
		Release|Any CPU = Release|Any CPU
	EndGlobalSection
	GlobalSection(ProjectConfigurationPlatforms) = postSolution
		{F03A5CEA-9FFB-4182-A69B-E45516D710D5}.Debug|Any CPU.ActiveCfg = Debug|Any CPU
		{F03A5CEA-9FFB-4182-A69B-E45516D710D5}.Debug|Any CPU.Build.0 = Debug|Any CPU
		{F03A5CEA-9FFB-4182-A69B-E45516D710D5}.Release|Any CPU.ActiveCfg = Release|Any CPU
		{F03A5CEA-9FFB-4182-A69B-E45516D710D5}.Release|Any CPU.Build.0 = Release|Any CPU
	EndGlobalSection
	GlobalSection(SolutionProperties) = preSolution
		HideSolutionNode = FALSE
	EndGlobalSection
	GlobalSection(ExtensibilityGlobals) = postSolution
		SolutionGuid = {344E61A4-9F29-48A1-8911-C30D62E257FC}
	EndGlobalSection
EndGlobal
